
Microsoft Visual Studio Solution File, Format Version 12.00
# Visual Studio Version 17
VisualStudioVersion = 17.9.34728.123
MinimumVisualStudioVersion = 10.0.40219.1
Project("{FAE04EC0-301F-11D3-BF4B-00C04F79EFBC}") = "exercicio2", "exercicio2\exercicio2.csproj", "{392D1099-AC1F-4387-9BA2-ADF2B1BB5338}"
EndProject
Global
	GlobalSection(SolutionConfigurationPlatforms) = preSolution
		Debug|Any CPU = Debug|Any CPU
		Release|Any CPU = Release|Any CPU
	EndGlobalSection
	GlobalSection(ProjectConfigurationPlatforms) = postSolution
		{392D1099-AC1F-4387-9BA2-ADF2B1BB5338}.Debug|Any CPU.ActiveCfg = Debug|Any CPU
		{392D1099-AC1F-4387-9BA2-ADF2B1BB5338}.Debug|Any CPU.Build.0 = Debug|Any CPU
		{392D1099-AC1F-4387-9BA2-ADF2B1BB5338}.Release|Any CPU.ActiveCfg = Release|Any CPU
		{392D1099-AC1F-4387-9BA2-ADF2B1BB5338}.Release|Any CPU.Build.0 = Release|Any CPU
	EndGlobalSection
	GlobalSection(SolutionProperties) = preSolution
		HideSolutionNode = FALSE
	EndGlobalSection
	GlobalSection(ExtensibilityGlobals) = postSolution
		SolutionGuid = {E43A63F8-935B-4230-8F40-B9EEC49D18FA}
	EndGlobalSection
EndGlobal
